
Microsoft Visual Studio Solution File, Format Version 12.00
# Visual Studio 2013
VisualStudioVersion = 12.0.30501.0
MinimumVisualStudioVersion = 10.0.40219.1
Project("{FAE04EC0-301F-11D3-BF4B-00C04F79EFBC}") = "ComTest_1_3", "ComTest_1_3.csproj", "{FF7D460A-9C8E-4C61-9A69-0AE19328A668}"
EndProject
Global
	GlobalSection(SolutionConfigurationPlatforms) = preSolution
		Debug|Any CPU = Debug|Any CPU
		Release|Any CPU = Release|Any CPU
	EndGlobalSection
	GlobalSection(ProjectConfigurationPlatforms) = postSolution
		{FF7D460A-9C8E-4C61-9A69-0AE19328A668}.Debug|Any CPU.ActiveCfg = Debug|Any CPU
		{FF7D460A-9C8E-4C61-9A69-0AE19328A668}.Debug|Any CPU.Build.0 = Debug|Any CPU
		{FF7D460A-9C8E-4C61-9A69-0AE19328A668}.Release|Any CPU.ActiveCfg = Release|Any CPU
		{FF7D460A-9C8E-4C61-9A69-0AE19328A668}.Release|Any CPU.Build.0 = Release|Any CPU
	EndGlobalSection
	GlobalSection(SolutionProperties) = preSolution
		HideSolutionNode = FALSE
	EndGlobalSection
EndGlobal
